
Microsoft Visual Studio Solution File, Format Version 12.00
# Visual Studio Version 16
VisualStudioVersion = 16.0.30717.126
MinimumVisualStudioVersion = 10.0.40219.1
Project("{FAE04EC0-301F-11D3-BF4B-00C04F79EFBC}") = "HW ATS", "HW ATS\HW ATS.csproj", "{D58918A2-834C-4EE1-BA21-7460D70785A4}"
EndProject
Global
	GlobalSection(SolutionConfigurationPlatforms) = preSolution
		Debug|Any CPU = Debug|Any CPU
		Release|Any CPU = Release|Any CPU
	EndGlobalSection
	GlobalSection(ProjectConfigurationPlatforms) = postSolution
		{D58918A2-834C-4EE1-BA21-7460D70785A4}.Debug|Any CPU.ActiveCfg = Debug|Any CPU
		{D58918A2-834C-4EE1-BA21-7460D70785A4}.Debug|Any CPU.Build.0 = Debug|Any CPU
		{D58918A2-834C-4EE1-BA21-7460D70785A4}.Release|Any CPU.ActiveCfg = Release|Any CPU
		{D58918A2-834C-4EE1-BA21-7460D70785A4}.Release|Any CPU.Build.0 = Release|Any CPU
	EndGlobalSection
	GlobalSection(SolutionProperties) = preSolution
		HideSolutionNode = FALSE
	EndGlobalSection
	GlobalSection(ExtensibilityGlobals) = postSolution
		SolutionGuid = {EA6D7D3F-55DA-4817-9D82-56D6D5CD3CF5}
	EndGlobalSection
EndGlobal
